{
  "nodes": {
    "advisory-db": {
      "flake": false,
      "locked": {
        "lastModified": 1677345087,
        "narHash": "sha256-PSkBGJ6KyGbTeLtEgdHSljm76NOeoww9hDgBD/QBffk=",
        "owner": "rustsec",
        "repo": "advisory-db",
        "rev": "9a5b1008028e4b37e91f5951e639ad7848232f8e",
        "type": "github"
      },
      "original": {
        "owner": "rustsec",
        "repo": "advisory-db",
        "type": "github"
      }
    },
    "blocklist": {
      "flake": false,
      "locked": {
        "lastModified": 1723669806,
        "narHash": "sha256-EDsxQ47O+RIvRIcTcRRSPKcstucy3HAXLwZSrDL5KYo=",
        "owner": "sjhgvr",
        "repo": "oisd",
        "rev": "3090ad3040fd333c217045c777e8bdc8756dfd0f",
        "type": "github"
      },
      "original": {
        "owner": "sjhgvr",
        "repo": "oisd",
        "type": "github"
      }
    },
    "crane": {
      "inputs": {
        "flake-compat": "flake-compat",
        "flake-utils": [
          "dmm",
          "utils"
        ],
        "nixpkgs": [
          "dmm",
          "nixpkgs"
        ],
        "rust-overlay": [
          "dmm",
          "rust"
        ]
      },
      "locked": {
        "lastModified": 1677370089,
        "narHash": "sha256-sdZ3ull2bldQYXK7tsX097C8JEuhBGIFPSfmA5nVoXE=",
        "owner": "ipetkov",
        "repo": "crane",
        "rev": "685e7494b02c6ac505482b1a471de4c285e87543",
        "type": "github"
      },
      "original": {
        "owner": "ipetkov",
        "repo": "crane",
        "type": "github"
      }
    },
    "dmm": {
      "inputs": {
        "advisory-db": "advisory-db",
        "crane": "crane",
        "nixpkgs": [
          "nixpkgs"
        ],
        "rust": [
          "rust"
        ],
        "utils": [
          "utils"
        ]
      },
      "locked": {
        "lastModified": 1703124800,
        "narHash": "sha256-hTsvbBlfK3zWmFeURZBaO+MwQ/u+EGLID7MxbXf9sog=",
        "owner": "abysssol",
        "repo": "dmm",
        "rev": "7a0bc77aef7ab05f5c64a7ac26545a554f54d9ae",
        "type": "github"
      },
      "original": {
        "owner": "abysssol",
        "repo": "dmm",
        "type": "github"
      }
    },
    "flake-compat": {
      "flake": false,
      "locked": {
        "lastModified": 1673956053,
        "narHash": "sha256-4gtG9iQuiKITOjNQQeQIpoIB6b16fm+504Ch3sNKLd8=",
        "owner": "edolstra",
        "repo": "flake-compat",
        "rev": "35bb57c0c8d8b62bbfd284272c928ceb64ddbde9",
        "type": "github"
      },
      "original": {
        "owner": "edolstra",
        "repo": "flake-compat",
        "type": "github"
      }
    },
    "nixos": {
      "locked": {
        "lastModified": 1723556749,
        "narHash": "sha256-+CHVZnTnIYRLYsARInHYoWkujzcRkLY/gXm3s5bE52o=",
        "owner": "nixos",
        "repo": "nixpkgs",
        "rev": "4a92571f9207810b559c9eac203d1f4d79830073",
        "type": "github"
      },
      "original": {
        "owner": "nixos",
        "ref": "nixos-24.05",
        "repo": "nixpkgs",
        "type": "github"
      }
    },
    "nixpkgs": {
      "locked": {
        "lastModified": 1723603349,
        "narHash": "sha256-VMg6N7MryOuvSJ8Sj6YydarnUCkL7cvMdrMcnsJnJCE=",
        "owner": "nixos",
        "repo": "nixpkgs",
        "rev": "daf7bb95821b789db24fc1ac21f613db0c1bf2cb",
        "type": "github"
      },
      "original": {
        "owner": "nixos",
        "ref": "nixpkgs-unstable",
        "repo": "nixpkgs",
        "type": "github"
      }
    },
    "root": {
      "inputs": {
        "blocklist": "blocklist",
        "dmm": "dmm",
        "nixos": "nixos",
        "nixpkgs": "nixpkgs",
        "rust": "rust",
        "utils": "utils"
      }
    },
    "rust": {
      "inputs": {
        "nixpkgs": [
          "nixpkgs"
        ]
      },
      "locked": {
        "lastModified": 1723170066,
        "narHash": "sha256-SFkQfOA+8AIYJsPlQtxNP+z5jRLfz91z/aOrV94pPmw=",
        "owner": "oxalica",
        "repo": "rust-overlay",
        "rev": "fecfe4d7c96fea2982c7907997b387a6b52c1093",
        "type": "github"
      },
      "original": {
        "owner": "oxalica",
        "ref": "stable",
        "repo": "rust-overlay",
        "type": "github"
      }
    },
    "systems": {
      "locked": {
        "lastModified": 1681028828,
        "narHash": "sha256-Vy1rq5AaRuLzOxct8nz4T6wlgyUR7zLU309k9mBC768=",
        "owner": "nix-systems",
        "repo": "default",
        "rev": "da67096a3b9bf56a91d16901293e51ba5b49a27e",
        "type": "github"
      },
      "original": {
        "owner": "nix-systems",
        "repo": "default",
        "type": "github"
      }
    },
    "utils": {
      "inputs": {
        "systems": "systems"
      },
      "locked": {
        "lastModified": 1710146030,
        "narHash": "sha256-SZ5L6eA7HJ/nmkzGG7/ISclqe6oZdOZTNoesiInkXPQ=",
        "owner": "numtide",
        "repo": "flake-utils",
        "rev": "b1d9ab70662946ef0850d488da1c9019f3a9752a",
        "type": "github"
      },
      "original": {
        "owner": "numtide",
        "repo": "flake-utils",
        "type": "github"
      }
    }
  },
  "root": "root",
  "version": 7
}
